<?xml version="1.0" encoding="UTF-8" standalone="yes" ?>
<CodeBlocks_project_file>
   <FileVersion major="1" minor="6" />
   <Project>
      <Option title="Project" />
      <Option makefile_is_custom="1" />
      <Option compiler="gcc" />
      <Option virtualFolders="CMake Files\;CMake Files\..\;CMake Files\..\..\;CMake Files\..\..\..\;CMake Files\..\..\..\..\;CMake Files\..\..\..\..\usr\;CMake Files\..\..\..\..\usr\share\;CMake Files\..\..\..\..\usr\share\pcl-1.7\;CMake Files\..\..\..\..\usr\share\OpenCV\;CMake Files\..\..\..\..\usr\lib\;CMake Files\..\..\..\..\usr\lib\vtk-5.8\;CMake Files\..\..\..\..\usr\lib\vtk-5.8\CMake\;CMake Files\..\..\..\..\usr\local\;CMake Files\..\..\..\..\usr\local\lib\;CMake Files\..\..\..\..\usr\local\lib\CGAL\;" />
      <Build>
      <Target title="all">
         <Option working_dir="/home/nao/workspace/openni" />
         <Option type="4" />
         <MakeCommands>
            <Build command="/usr/bin/make -f &quot;/home/nao/workspace/openni/Makefile&quot;  VERBOSE=1 all" />
            <CompileFile command="/usr/bin/make -f &quot;/home/nao/workspace/openni/Makefile&quot;  VERBOSE=1 &quot;$file&quot;" />
            <Clean command="/usr/bin/make -f &quot;/home/nao/workspace/openni/Makefile&quot;  VERBOSE=1 clean" />
            <DistClean command="/usr/bin/make -f &quot;/home/nao/workspace/openni/Makefile&quot;  VERBOSE=1 clean" />
         </MakeCommands>
      </Target>
      <Target title="openni_viewer">
         <Option output="/home/nao/workspace/openni/openni_viewer" prefix_auto="0" extension_auto="0" />
         <Option working_dir="/home/nao/workspace/openni" />
         <Option object_output="./" />
         <Option type="1" />
         <Option compiler="gcc" />
         <Compiler>
            <Add option="-DQT_GUI_LIB" />
            <Add option="-DQT_CORE_LIB" />
            <Add option="-DEIGEN_USE_NEW_STDVECTOR" />
            <Add option="-DEIGEN_YES_I_KNOW_SPARSE_MODULE_IS_NOT_STABLE_YET" />
            <Add option="-DFLANN_STATIC" />
            <Add option="-Dqh_QHpointer" />
            <Add directory="/usr/include" />
            <Add directory="/usr/include/c++/4.7" />
            <Add directory="/usr/include/c++/4.7/backward" />
            <Add directory="/usr/include/eigen3" />
            <Add directory="/usr/include/i386-linux-gnu" />
            <Add directory="/usr/include/i386-linux-gnu/c++/4.7/." />
            <Add directory="/usr/include/ni" />
            <Add directory="/usr/include/opencv" />
            <Add directory="/usr/include/pcl-1.7" />
            <Add directory="/usr/include/qhull" />
            <Add directory="/usr/include/qt4" />
            <Add directory="/usr/include/qt4/QtCore" />
            <Add directory="/usr/include/qt4/QtGui" />
            <Add directory="/usr/include/vtk-5.8" />
            <Add directory="/usr/lib/gcc/i686-linux-gnu/4.7/include" />
            <Add directory="/usr/lib/gcc/i686-linux-gnu/4.7/include-fixed" />
            <Add directory="/usr/local/include" />
         </Compiler>
         <MakeCommands>
            <Build command="/usr/bin/make -f &quot;/home/nao/workspace/openni/Makefile&quot;  VERBOSE=1 openni_viewer" />
            <CompileFile command="/usr/bin/make -f &quot;/home/nao/workspace/openni/Makefile&quot;  VERBOSE=1 &quot;$file&quot;" />
            <Clean command="/usr/bin/make -f &quot;/home/nao/workspace/openni/Makefile&quot;  VERBOSE=1 clean" />
            <DistClean command="/usr/bin/make -f &quot;/home/nao/workspace/openni/Makefile&quot;  VERBOSE=1 clean" />
         </MakeCommands>
      </Target>
      <Target title="openni_viewer/fast">
         <Option output="/home/nao/workspace/openni/openni_viewer" prefix_auto="0" extension_auto="0" />
         <Option working_dir="/home/nao/workspace/openni" />
         <Option object_output="./" />
         <Option type="1" />
         <Option compiler="gcc" />
         <Compiler>
            <Add option="-DQT_GUI_LIB" />
            <Add option="-DQT_CORE_LIB" />
            <Add option="-DEIGEN_USE_NEW_STDVECTOR" />
            <Add option="-DEIGEN_YES_I_KNOW_SPARSE_MODULE_IS_NOT_STABLE_YET" />
            <Add option="-DFLANN_STATIC" />
            <Add option="-Dqh_QHpointer" />
            <Add directory="/usr/include" />
            <Add directory="/usr/include/c++/4.7" />
            <Add directory="/usr/include/c++/4.7/backward" />
            <Add directory="/usr/include/eigen3" />
            <Add directory="/usr/include/i386-linux-gnu" />
            <Add directory="/usr/include/i386-linux-gnu/c++/4.7/." />
            <Add directory="/usr/include/ni" />
            <Add directory="/usr/include/opencv" />
            <Add directory="/usr/include/pcl-1.7" />
            <Add directory="/usr/include/qhull" />
            <Add directory="/usr/include/qt4" />
            <Add directory="/usr/include/qt4/QtCore" />
            <Add directory="/usr/include/qt4/QtGui" />
            <Add directory="/usr/include/vtk-5.8" />
            <Add directory="/usr/lib/gcc/i686-linux-gnu/4.7/include" />
            <Add directory="/usr/lib/gcc/i686-linux-gnu/4.7/include-fixed" />
            <Add directory="/usr/local/include" />
         </Compiler>
         <MakeCommands>
            <Build command="/usr/bin/make -f &quot;/home/nao/workspace/openni/Makefile&quot;  VERBOSE=1 openni_viewer/fast" />
            <CompileFile command="/usr/bin/make -f &quot;/home/nao/workspace/openni/Makefile&quot;  VERBOSE=1 &quot;$file&quot;" />
            <Clean command="/usr/bin/make -f &quot;/home/nao/workspace/openni/Makefile&quot;  VERBOSE=1 clean" />
            <DistClean command="/usr/bin/make -f &quot;/home/nao/workspace/openni/Makefile&quot;  VERBOSE=1 clean" />
         </MakeCommands>
      </Target>
      <Target title="rebuild_cache">
         <Option working_dir="/home/nao/workspace/openni" />
         <Option type="4" />
         <MakeCommands>
            <Build command="/usr/bin/make -f &quot;/home/nao/workspace/openni/Makefile&quot;  VERBOSE=1 rebuild_cache" />
            <CompileFile command="/usr/bin/make -f &quot;/home/nao/workspace/openni/Makefile&quot;  VERBOSE=1 &quot;$file&quot;" />
            <Clean command="/usr/bin/make -f &quot;/home/nao/workspace/openni/Makefile&quot;  VERBOSE=1 clean" />
            <DistClean command="/usr/bin/make -f &quot;/home/nao/workspace/openni/Makefile&quot;  VERBOSE=1 clean" />
         </MakeCommands>
      </Target>
      </Build>
      <Unit filename="/home/nao/workspace/openni/Accessories.cpp">
      </Unit>
      <Unit filename="/home/nao/workspace/openni/Calibrator.cpp">
      </Unit>
      <Unit filename="/home/nao/workspace/openni/Landmark.cpp">
      </Unit>
      <Unit filename="/home/nao/workspace/openni/MSHLabel/MSHLabel.cpp">
      </Unit>
      <Unit filename="/home/nao/workspace/openni/RobotDetector.cpp">
      </Unit>
      <Unit filename="/home/nao/workspace/openni/Segment2D.cpp">
      </Unit>
      <Unit filename="/home/nao/workspace/openni/cluster.cpp">
      </Unit>
      <Unit filename="/home/nao/workspace/openni/depthdevice.cpp">
      </Unit>
      <Unit filename="/home/nao/workspace/openni/fieldview.cpp">
      </Unit>
      <Unit filename="/home/nao/workspace/openni/main.cpp">
      </Unit>
      <Unit filename="/home/nao/workspace/openni/mainwindow.cpp">
      </Unit>
      <Unit filename="/home/nao/workspace/openni/messages.pb.cc">
      </Unit>
      <Unit filename="/home/nao/workspace/openni/pointcloudviewer.cpp">
      </Unit>
      <Unit filename="/home/nao/workspace/openni/Accessories.h">
      </Unit>
      <Unit filename="/home/nao/workspace/openni/Calibrator.h">
      </Unit>
      <Unit filename="/home/nao/workspace/openni/Landmark.h">
      </Unit>
      <Unit filename="/home/nao/workspace/openni/MSHLabel/MSHLabel.h">
      </Unit>
      <Unit filename="/home/nao/workspace/openni/RobotDetector.h">
      </Unit>
      <Unit filename="/home/nao/workspace/openni/Segment2D.h">
      </Unit>
      <Unit filename="/home/nao/workspace/openni/cluster.h">
      </Unit>
      <Unit filename="/home/nao/workspace/openni/depthdevice.h">
      </Unit>
      <Unit filename="/home/nao/workspace/openni/fieldview.h">
      </Unit>
      <Unit filename="/home/nao/workspace/openni/mainwindow.h">
      </Unit>
      <Unit filename="/home/nao/workspace/openni/pointcloudviewer.h">
      </Unit>
      <Unit filename="/home/nao/workspace/openni/CMakeLists.txt">
          <Option virtualFolder="CMake Files\" />
      </Unit>
      <Unit filename="/home/nao/workspace/openni/../../../../usr/share/pcl-1.7/PCLConfigVersion.cmake">
          <Option virtualFolder="CMake Files\..\..\..\..\usr\share\pcl-1.7\" />
      </Unit>
      <Unit filename="/home/nao/workspace/openni/../../../../usr/share/pcl-1.7/PCLConfig.cmake">
          <Option virtualFolder="CMake Files\..\..\..\..\usr\share\pcl-1.7\" />
      </Unit>
      <Unit filename="/home/nao/workspace/openni/../../../../usr/share/OpenCV/OpenCVConfig-version.cmake">
          <Option virtualFolder="CMake Files\..\..\..\..\usr\share\OpenCV\" />
      </Unit>
      <Unit filename="/home/nao/workspace/openni/../../../../usr/share/OpenCV/OpenCVConfig.cmake">
          <Option virtualFolder="CMake Files\..\..\..\..\usr\share\OpenCV\" />
      </Unit>
      <Unit filename="/home/nao/workspace/openni/../../../../usr/lib/vtk-5.8/VTKConfigVersion.cmake">
          <Option virtualFolder="CMake Files\..\..\..\..\usr\lib\vtk-5.8\" />
      </Unit>
      <Unit filename="/home/nao/workspace/openni/../../../../usr/lib/vtk-5.8/VTKConfig.cmake">
          <Option virtualFolder="CMake Files\..\..\..\..\usr\lib\vtk-5.8\" />
      </Unit>
      <Unit filename="/home/nao/workspace/openni/../../../../usr/lib/vtk-5.8/VTKConfigQt.cmake">
          <Option virtualFolder="CMake Files\..\..\..\..\usr\lib\vtk-5.8\" />
      </Unit>
      <Unit filename="/home/nao/workspace/openni/../../../../usr/lib/vtk-5.8/VTKTargets.cmake">
          <Option virtualFolder="CMake Files\..\..\..\..\usr\lib\vtk-5.8\" />
      </Unit>
      <Unit filename="/home/nao/workspace/openni/../../../../usr/lib/vtk-5.8/VTKTargets-release.cmake">
          <Option virtualFolder="CMake Files\..\..\..\..\usr\lib\vtk-5.8\" />
      </Unit>
      <Unit filename="/home/nao/workspace/openni/../../../../usr/lib/vtk-5.8/UseVTK.cmake">
          <Option virtualFolder="CMake Files\..\..\..\..\usr\lib\vtk-5.8\" />
      </Unit>
      <Unit filename="/home/nao/workspace/openni/../../../../usr/lib/vtk-5.8/VTKConfigVersion.cmake">
          <Option virtualFolder="CMake Files\..\..\..\..\usr\lib\vtk-5.8\" />
      </Unit>
      <Unit filename="/home/nao/workspace/openni/../../../../usr/lib/vtk-5.8/VTKConfig.cmake">
          <Option virtualFolder="CMake Files\..\..\..\..\usr\lib\vtk-5.8\" />
      </Unit>
      <Unit filename="/home/nao/workspace/openni/../../../../usr/lib/vtk-5.8/VTKConfigQt.cmake">
          <Option virtualFolder="CMake Files\..\..\..\..\usr\lib\vtk-5.8\" />
      </Unit>
      <Unit filename="/home/nao/workspace/openni/../../../../usr/lib/vtk-5.8/UseVTK.cmake">
          <Option virtualFolder="CMake Files\..\..\..\..\usr\lib\vtk-5.8\" />
      </Unit>
      <Unit filename="/home/nao/workspace/openni/../../../../usr/lib/vtk-5.8/VTKConfigVersion.cmake">
          <Option virtualFolder="CMake Files\..\..\..\..\usr\lib\vtk-5.8\" />
      </Unit>
      <Unit filename="/home/nao/workspace/openni/../../../../usr/lib/vtk-5.8/VTKConfig.cmake">
          <Option virtualFolder="CMake Files\..\..\..\..\usr\lib\vtk-5.8\" />
      </Unit>
      <Unit filename="/home/nao/workspace/openni/../../../../usr/lib/vtk-5.8/VTKConfigQt.cmake">
          <Option virtualFolder="CMake Files\..\..\..\..\usr\lib\vtk-5.8\" />
      </Unit>
      <Unit filename="/home/nao/workspace/openni/../../../../usr/lib/vtk-5.8/UseVTK.cmake">
          <Option virtualFolder="CMake Files\..\..\..\..\usr\lib\vtk-5.8\" />
      </Unit>
      <Unit filename="/home/nao/workspace/openni/../../../../usr/lib/vtk-5.8/VTKConfigVersion.cmake">
          <Option virtualFolder="CMake Files\..\..\..\..\usr\lib\vtk-5.8\" />
      </Unit>
      <Unit filename="/home/nao/workspace/openni/../../../../usr/lib/vtk-5.8/VTKConfig.cmake">
          <Option virtualFolder="CMake Files\..\..\..\..\usr\lib\vtk-5.8\" />
      </Unit>
      <Unit filename="/home/nao/workspace/openni/../../../../usr/lib/vtk-5.8/VTKConfigQt.cmake">
          <Option virtualFolder="CMake Files\..\..\..\..\usr\lib\vtk-5.8\" />
      </Unit>
      <Unit filename="/home/nao/workspace/openni/../../../../usr/lib/vtk-5.8/UseVTK.cmake">
          <Option virtualFolder="CMake Files\..\..\..\..\usr\lib\vtk-5.8\" />
      </Unit>
      <Unit filename="/home/nao/workspace/openni/../../../../usr/lib/vtk-5.8/CMake/vtkMakeInstantiator.cmake">
          <Option virtualFolder="CMake Files\..\..\..\..\usr\lib\vtk-5.8\CMake\" />
      </Unit>
      <Unit filename="/home/nao/workspace/openni/../../../../usr/local/lib/CGAL/CGALConfig.cmake">
          <Option virtualFolder="CMake Files\..\..\..\..\usr\local\lib\CGAL\" />
      </Unit>
   </Project>
</CodeBlocks_project_file>
